{
	"name": "experiment",
	"lockfileVersion": 2,
	"requires": true,
	"packages": {
		"": {
			"dependencies": {
				"dom": "^0.0.3",
				"wms-capabilities": "^0.5.1",
				"xml2js": "^0.4.23",
				"xmldom": "^0.6.0",
				"xpath": "^0.0.32"
			}
		},
		"node_modules/dom": {
			"version": "0.0.3",
			"resolved": "https://registry.npmjs.org/dom/-/dom-0.0.3.tgz",
			"integrity": "sha1-FuDCJaBVPY5DYsxLzXjY/eWa9ns="
		},
		"node_modules/minimist": {
			"version": "1.2.6",
			"resolved": "https://registry.npmjs.org/minimist/-/minimist-1.2.6.tgz",
			"integrity": "sha512-Jsjnk4bw3YJqYzbdyBiNsPWHPfO++UGG749Cxs6peCu5Xg4nrena6OVxOYxrQTqww0Jmwt+Ref8rggumkTLz9Q=="
		},
		"node_modules/sax": {
			"version": "1.2.4",
			"resolved": "https://registry.npmjs.org/sax/-/sax-1.2.4.tgz",
			"integrity": "sha512-NqVDv9TpANUjFm0N8uM5GxL36UgKi9/atZw+x7YFnQ8ckwFGKrl4xX4yWtrey3UJm5nP1kUbnYgLopqWNSRhWw=="
		},
		"node_modules/wms-capabilities": {
			"version": "0.5.1",
			"resolved": "https://registry.npmjs.org/wms-capabilities/-/wms-capabilities-0.5.1.tgz",
			"integrity": "sha512-f68uyUjzLdpE/wkBNmRdSwn1BcMIM0yMUDYY0/SQF+tSPr1FIa2/EizVENC2um4boNS4QmvjvMKcA7wZRwz7Lw==",
			"dependencies": {
				"minimist": "^1.2.5"
			},
			"bin": {
				"wmscapabilities": "bin/wmscapabilities"
			}
		},
		"node_modules/xml2js": {
			"version": "0.4.23",
			"resolved": "https://registry.npmjs.org/xml2js/-/xml2js-0.4.23.tgz",
			"integrity": "sha512-ySPiMjM0+pLDftHgXY4By0uswI3SPKLDw/i3UXbnO8M/p28zqexCUoPmQFrYD+/1BzhGJSs2i1ERWKJAtiLrug==",
			"dependencies": {
				"sax": ">=0.6.0",
				"xmlbuilder": "~11.0.0"
			},
			"engines": {
				"node": ">=4.0.0"
			}
		},
		"node_modules/xmlbuilder": {
			"version": "11.0.1",
			"resolved": "https://registry.npmjs.org/xmlbuilder/-/xmlbuilder-11.0.1.tgz",
			"integrity": "sha512-fDlsI/kFEx7gLvbecc0/ohLG50fugQp8ryHzMTuW9vSa1GJ0XYWKnhsUx7oie3G98+r56aTQIUB4kht42R3JvA==",
			"engines": {
				"node": ">=4.0"
			}
		},
		"node_modules/xmldom": {
			"version": "0.6.0",
			"resolved": "https://registry.npmjs.org/xmldom/-/xmldom-0.6.0.tgz",
			"integrity": "sha512-iAcin401y58LckRZ0TkI4k0VSM1Qg0KGSc3i8rU+xrxe19A/BN1zHyVSJY7uoutVlaTSzYyk/v5AmkewAP7jtg==",
			"engines": {
				"node": ">=10.0.0"
			}
		},
		"node_modules/xpath": {
			"version": "0.0.32",
			"resolved": "https://registry.npmjs.org/xpath/-/xpath-0.0.32.tgz",
			"integrity": "sha512-rxMJhSIoiO8vXcWvSifKqhvV96GjiD5wYb8/QHdoRyQvraTpp4IEv944nhGausZZ3u7dhQXteZuZbaqfpB7uYw==",
			"engines": {
				"node": ">=0.6.0"
			}
		}
	},
	"dependencies": {
		"dom": {
			"version": "0.0.3",
			"resolved": "https://registry.npmjs.org/dom/-/dom-0.0.3.tgz",
			"integrity": "sha1-FuDCJaBVPY5DYsxLzXjY/eWa9ns="
		},
		"minimist": {
			"version": "1.2.6",
			"resolved": "https://registry.npmjs.org/minimist/-/minimist-1.2.6.tgz",
			"integrity": "sha512-Jsjnk4bw3YJqYzbdyBiNsPWHPfO++UGG749Cxs6peCu5Xg4nrena6OVxOYxrQTqww0Jmwt+Ref8rggumkTLz9Q=="
		},
		"sax": {
			"version": "1.2.4",
			"resolved": "https://registry.npmjs.org/sax/-/sax-1.2.4.tgz",
			"integrity": "sha512-NqVDv9TpANUjFm0N8uM5GxL36UgKi9/atZw+x7YFnQ8ckwFGKrl4xX4yWtrey3UJm5nP1kUbnYgLopqWNSRhWw=="
		},
		"wms-capabilities": {
			"version": "0.5.1",
			"resolved": "https://registry.npmjs.org/wms-capabilities/-/wms-capabilities-0.5.1.tgz",
			"integrity": "sha512-f68uyUjzLdpE/wkBNmRdSwn1BcMIM0yMUDYY0/SQF+tSPr1FIa2/EizVENC2um4boNS4QmvjvMKcA7wZRwz7Lw==",
			"requires": {
				"minimist": "^1.2.5"
			}
		},
		"xml2js": {
			"version": "0.4.23",
			"resolved": "https://registry.npmjs.org/xml2js/-/xml2js-0.4.23.tgz",
			"integrity": "sha512-ySPiMjM0+pLDftHgXY4By0uswI3SPKLDw/i3UXbnO8M/p28zqexCUoPmQFrYD+/1BzhGJSs2i1ERWKJAtiLrug==",
			"requires": {
				"sax": ">=0.6.0",
				"xmlbuilder": "~11.0.0"
			}
		},
		"xmlbuilder": {
			"version": "11.0.1",
			"resolved": "https://registry.npmjs.org/xmlbuilder/-/xmlbuilder-11.0.1.tgz",
			"integrity": "sha512-fDlsI/kFEx7gLvbecc0/ohLG50fugQp8ryHzMTuW9vSa1GJ0XYWKnhsUx7oie3G98+r56aTQIUB4kht42R3JvA=="
		},
		"xmldom": {
			"version": "0.6.0",
			"resolved": "https://registry.npmjs.org/xmldom/-/xmldom-0.6.0.tgz",
			"integrity": "sha512-iAcin401y58LckRZ0TkI4k0VSM1Qg0KGSc3i8rU+xrxe19A/BN1zHyVSJY7uoutVlaTSzYyk/v5AmkewAP7jtg=="
		},
		"xpath": {
			"version": "0.0.32",
			"resolved": "https://registry.npmjs.org/xpath/-/xpath-0.0.32.tgz",
			"integrity": "sha512-rxMJhSIoiO8vXcWvSifKqhvV96GjiD5wYb8/QHdoRyQvraTpp4IEv944nhGausZZ3u7dhQXteZuZbaqfpB7uYw=="
		}
	}
}
